<?xml version="1.0" encoding="utf-8"?>
<Project ToolsVersion="17.0" xmlns="http://schemas.microsoft.com/developer/msbuild/2003">
  <ItemGroup>
    <ClCompile Include="C:\Vort\td\td\generate\generate_common.cpp">
      <Filter>Source Files</Filter>
    </ClCompile>
    <ClCompile Include="C:\Vort\td\td\generate\tl_writer_cpp.cpp">
      <Filter>Source Files</Filter>
    </ClCompile>
    <ClCompile Include="C:\Vort\td\td\generate\tl_writer_h.cpp">
      <Filter>Source Files</Filter>
    </ClCompile>
    <ClCompile Include="C:\Vort\td\td\generate\tl_writer_hpp.cpp">
      <Filter>Source Files</Filter>
    </ClCompile>
    <ClCompile Include="C:\Vort\td\td\generate\tl_writer_jni_cpp.cpp">
      <Filter>Source Files</Filter>
    </ClCompile>
    <ClCompile Include="C:\Vort\td\td\generate\tl_writer_jni_h.cpp">
      <Filter>Source Files</Filter>
    </ClCompile>
    <ClCompile Include="C:\Vort\td\td\generate\tl_writer_td.cpp">
      <Filter>Source Files</Filter>
    </ClCompile>
  </ItemGroup>
  <ItemGroup>
    <ClInclude Include="C:\Vort\td\td\generate\tl_writer_cpp.h">
      <Filter>Header Files</Filter>
    </ClInclude>
    <ClInclude Include="C:\Vort\td\td\generate\tl_writer_h.h">
      <Filter>Header Files</Filter>
    </ClInclude>
    <ClInclude Include="C:\Vort\td\td\generate\tl_writer_hpp.h">
      <Filter>Header Files</Filter>
    </ClInclude>
    <ClInclude Include="C:\Vort\td\td\generate\tl_writer_jni_cpp.h">
      <Filter>Header Files</Filter>
    </ClInclude>
    <ClInclude Include="C:\Vort\td\td\generate\tl_writer_jni_h.h">
      <Filter>Header Files</Filter>
    </ClInclude>
    <ClInclude Include="C:\Vort\td\td\generate\tl_writer_td.h">
      <Filter>Header Files</Filter>
    </ClInclude>
  </ItemGroup>
  <ItemGroup>
    <CustomBuild Include="C:\Vort\td\td\generate\CMakeLists.txt" />
  </ItemGroup>
  <ItemGroup>
    <Filter Include="Header Files">
      <UniqueIdentifier>{83827342-095A-302D-BF09-3E38EE84A023}</UniqueIdentifier>
    </Filter>
    <Filter Include="Source Files">
      <UniqueIdentifier>{163AE434-82F7-3755-A7B5-B7A4C7FD74CD}</UniqueIdentifier>
    </Filter>
  </ItemGroup>
</Project>
