<?xml version="1.0" encoding="utf-8"?>
<Project ToolsVersion="17.0" xmlns="http://schemas.microsoft.com/developer/msbuild/2003">
  <ItemGroup>
    <ClCompile Include="C:\Vort\td\tdtl\td\tl\tl_config.cpp">
      <Filter>Source Files</Filter>
    </ClCompile>
    <ClCompile Include="C:\Vort\td\tdtl\td\tl\tl_core.cpp">
      <Filter>Source Files</Filter>
    </ClCompile>
    <ClCompile Include="C:\Vort\td\tdtl\td\tl\tl_file_outputer.cpp">
      <Filter>Source Files</Filter>
    </ClCompile>
    <ClCompile Include="C:\Vort\td\tdtl\td\tl\tl_file_utils.cpp">
      <Filter>Source Files</Filter>
    </ClCompile>
    <ClCompile Include="C:\Vort\td\tdtl\td\tl\tl_generate.cpp">
      <Filter>Source Files</Filter>
    </ClCompile>
    <ClCompile Include="C:\Vort\td\tdtl\td\tl\tl_outputer.cpp">
      <Filter>Source Files</Filter>
    </ClCompile>
    <ClCompile Include="C:\Vort\td\tdtl\td\tl\tl_string_outputer.cpp">
      <Filter>Source Files</Filter>
    </ClCompile>
    <ClCompile Include="C:\Vort\td\tdtl\td\tl\tl_writer.cpp">
      <Filter>Source Files</Filter>
    </ClCompile>
  </ItemGroup>
  <ItemGroup>
    <ClInclude Include="C:\Vort\td\tdtl\td\tl\tl_config.h">
      <Filter>Header Files</Filter>
    </ClInclude>
    <ClInclude Include="C:\Vort\td\tdtl\td\tl\tl_core.h">
      <Filter>Header Files</Filter>
    </ClInclude>
    <ClInclude Include="C:\Vort\td\tdtl\td\tl\tl_file_outputer.h">
      <Filter>Header Files</Filter>
    </ClInclude>
    <ClInclude Include="C:\Vort\td\tdtl\td\tl\tl_file_utils.h">
      <Filter>Header Files</Filter>
    </ClInclude>
    <ClInclude Include="C:\Vort\td\tdtl\td\tl\tl_generate.h">
      <Filter>Header Files</Filter>
    </ClInclude>
    <ClInclude Include="C:\Vort\td\tdtl\td\tl\tl_outputer.h">
      <Filter>Header Files</Filter>
    </ClInclude>
    <ClInclude Include="C:\Vort\td\tdtl\td\tl\tl_simple.h">
      <Filter>Header Files</Filter>
    </ClInclude>
    <ClInclude Include="C:\Vort\td\tdtl\td\tl\tl_simple_parser.h">
      <Filter>Header Files</Filter>
    </ClInclude>
    <ClInclude Include="C:\Vort\td\tdtl\td\tl\tl_string_outputer.h">
      <Filter>Header Files</Filter>
    </ClInclude>
    <ClInclude Include="C:\Vort\td\tdtl\td\tl\tl_writer.h">
      <Filter>Header Files</Filter>
    </ClInclude>
  </ItemGroup>
  <ItemGroup>
    <CustomBuild Include="C:\Vort\td\tdtl\CMakeLists.txt" />
  </ItemGroup>
  <ItemGroup>
    <Filter Include="Header Files">
      <UniqueIdentifier>{83827342-095A-302D-BF09-3E38EE84A023}</UniqueIdentifier>
    </Filter>
    <Filter Include="Source Files">
      <UniqueIdentifier>{163AE434-82F7-3755-A7B5-B7A4C7FD74CD}</UniqueIdentifier>
    </Filter>
  </ItemGroup>
</Project>
