<?xml version="1.0" encoding="utf-8"?>
<Project ToolsVersion="17.0" xmlns="http://schemas.microsoft.com/developer/msbuild/2003">
  <ItemGroup>
    <ClCompile Include="C:\Vort\td\tdnet\td\net\GetHostByNameActor.cpp">
      <Filter>Source Files</Filter>
    </ClCompile>
    <ClCompile Include="C:\Vort\td\tdnet\td\net\HttpChunkedByteFlow.cpp">
      <Filter>Source Files</Filter>
    </ClCompile>
    <ClCompile Include="C:\Vort\td\tdnet\td\net\HttpConnectionBase.cpp">
      <Filter>Source Files</Filter>
    </ClCompile>
    <ClCompile Include="C:\Vort\td\tdnet\td\net\HttpContentLengthByteFlow.cpp">
      <Filter>Source Files</Filter>
    </ClCompile>
    <ClCompile Include="C:\Vort\td\tdnet\td\net\HttpFile.cpp">
      <Filter>Source Files</Filter>
    </ClCompile>
    <ClCompile Include="C:\Vort\td\tdnet\td\net\HttpInboundConnection.cpp">
      <Filter>Source Files</Filter>
    </ClCompile>
    <ClCompile Include="C:\Vort\td\tdnet\td\net\HttpOutboundConnection.cpp">
      <Filter>Source Files</Filter>
    </ClCompile>
    <ClCompile Include="C:\Vort\td\tdnet\td\net\HttpProxy.cpp">
      <Filter>Source Files</Filter>
    </ClCompile>
    <ClCompile Include="C:\Vort\td\tdnet\td\net\HttpQuery.cpp">
      <Filter>Source Files</Filter>
    </ClCompile>
    <ClCompile Include="C:\Vort\td\tdnet\td\net\HttpReader.cpp">
      <Filter>Source Files</Filter>
    </ClCompile>
    <ClCompile Include="C:\Vort\td\tdnet\td\net\Socks5.cpp">
      <Filter>Source Files</Filter>
    </ClCompile>
    <ClCompile Include="C:\Vort\td\tdnet\td\net\SslStream.cpp">
      <Filter>Source Files</Filter>
    </ClCompile>
    <ClCompile Include="C:\Vort\td\tdnet\td\net\TcpListener.cpp">
      <Filter>Source Files</Filter>
    </ClCompile>
    <ClCompile Include="C:\Vort\td\tdnet\td\net\TransparentProxy.cpp">
      <Filter>Source Files</Filter>
    </ClCompile>
    <ClCompile Include="C:\Vort\td\tdnet\td\net\Wget.cpp">
      <Filter>Source Files</Filter>
    </ClCompile>
  </ItemGroup>
  <ItemGroup>
    <ClInclude Include="C:\Vort\td\tdnet\td\net\GetHostByNameActor.h">
      <Filter>Header Files</Filter>
    </ClInclude>
    <ClInclude Include="C:\Vort\td\tdnet\td\net\HttpChunkedByteFlow.h">
      <Filter>Header Files</Filter>
    </ClInclude>
    <ClInclude Include="C:\Vort\td\tdnet\td\net\HttpConnectionBase.h">
      <Filter>Header Files</Filter>
    </ClInclude>
    <ClInclude Include="C:\Vort\td\tdnet\td\net\HttpContentLengthByteFlow.h">
      <Filter>Header Files</Filter>
    </ClInclude>
    <ClInclude Include="C:\Vort\td\tdnet\td\net\HttpFile.h">
      <Filter>Header Files</Filter>
    </ClInclude>
    <ClInclude Include="C:\Vort\td\tdnet\td\net\HttpHeaderCreator.h">
      <Filter>Header Files</Filter>
    </ClInclude>
    <ClInclude Include="C:\Vort\td\tdnet\td\net\HttpInboundConnection.h">
      <Filter>Header Files</Filter>
    </ClInclude>
    <ClInclude Include="C:\Vort\td\tdnet\td\net\HttpOutboundConnection.h">
      <Filter>Header Files</Filter>
    </ClInclude>
    <ClInclude Include="C:\Vort\td\tdnet\td\net\HttpProxy.h">
      <Filter>Header Files</Filter>
    </ClInclude>
    <ClInclude Include="C:\Vort\td\tdnet\td\net\HttpQuery.h">
      <Filter>Header Files</Filter>
    </ClInclude>
    <ClInclude Include="C:\Vort\td\tdnet\td\net\HttpReader.h">
      <Filter>Header Files</Filter>
    </ClInclude>
    <ClInclude Include="C:\Vort\td\tdnet\td\net\NetStats.h">
      <Filter>Header Files</Filter>
    </ClInclude>
    <ClInclude Include="C:\Vort\td\tdnet\td\net\Socks5.h">
      <Filter>Header Files</Filter>
    </ClInclude>
    <ClInclude Include="C:\Vort\td\tdnet\td\net\SslStream.h">
      <Filter>Header Files</Filter>
    </ClInclude>
    <ClInclude Include="C:\Vort\td\tdnet\td\net\TcpListener.h">
      <Filter>Header Files</Filter>
    </ClInclude>
    <ClInclude Include="C:\Vort\td\tdnet\td\net\TransparentProxy.h">
      <Filter>Header Files</Filter>
    </ClInclude>
    <ClInclude Include="C:\Vort\td\tdnet\td\net\Wget.h">
      <Filter>Header Files</Filter>
    </ClInclude>
  </ItemGroup>
  <ItemGroup>
    <CustomBuild Include="C:\Vort\td\tdnet\CMakeLists.txt" />
  </ItemGroup>
  <ItemGroup>
    <Filter Include="Header Files">
      <UniqueIdentifier>{83827342-095A-302D-BF09-3E38EE84A023}</UniqueIdentifier>
    </Filter>
    <Filter Include="Source Files">
      <UniqueIdentifier>{163AE434-82F7-3755-A7B5-B7A4C7FD74CD}</UniqueIdentifier>
    </Filter>
  </ItemGroup>
</Project>
